
Microsoft Visual Studio Solution File, Format Version 12.00
# Visual Studio Version 16
VisualStudioVersion = 16.0.30804.86
MinimumVisualStudioVersion = 10.0.40219.1
Project("{FAE04EC0-301F-11D3-BF4B-00C04F79EFBC}") = "210505_WPF_App_Tanarok", "210505_WPF_App_Tanarok\210505_WPF_App_Tanarok.csproj", "{EAA44AC2-ADBC-4B24-BAFE-E2BF020DB2DC}"
EndProject
Project("{FAE04EC0-301F-11D3-BF4B-00C04F79EFBC}") = "210512_WPF_App_Autokolcsonzo", "210512_WPF_App_Autokolcsonzo\210512_WPF_App_Autokolcsonzo.csproj", "{780BF605-88FD-42CB-8015-3EA0D8FF0C26}"
EndProject
Global
	GlobalSection(SolutionConfigurationPlatforms) = preSolution
		Debug|Any CPU = Debug|Any CPU
		Release|Any CPU = Release|Any CPU
	EndGlobalSection
	GlobalSection(ProjectConfigurationPlatforms) = postSolution
		{EAA44AC2-ADBC-4B24-BAFE-E2BF020DB2DC}.Debug|Any CPU.ActiveCfg = Debug|Any CPU
		{EAA44AC2-ADBC-4B24-BAFE-E2BF020DB2DC}.Debug|Any CPU.Build.0 = Debug|Any CPU
		{EAA44AC2-ADBC-4B24-BAFE-E2BF020DB2DC}.Release|Any CPU.ActiveCfg = Release|Any CPU
		{EAA44AC2-ADBC-4B24-BAFE-E2BF020DB2DC}.Release|Any CPU.Build.0 = Release|Any CPU
		{780BF605-88FD-42CB-8015-3EA0D8FF0C26}.Debug|Any CPU.ActiveCfg = Debug|Any CPU
		{780BF605-88FD-42CB-8015-3EA0D8FF0C26}.Debug|Any CPU.Build.0 = Debug|Any CPU
		{780BF605-88FD-42CB-8015-3EA0D8FF0C26}.Release|Any CPU.ActiveCfg = Release|Any CPU
		{780BF605-88FD-42CB-8015-3EA0D8FF0C26}.Release|Any CPU.Build.0 = Release|Any CPU
	EndGlobalSection
	GlobalSection(SolutionProperties) = preSolution
		HideSolutionNode = FALSE
	EndGlobalSection
	GlobalSection(ExtensibilityGlobals) = postSolution
		SolutionGuid = {C4913F1E-31EB-4F53-8682-22E6CC6A52F3}
	EndGlobalSection
EndGlobal
